// !$*UTF8*$!
{
	archiveVersion = 1;
	classes = {
	};
	objectVersion = 56;
	objects = {

/* Begin PBXBuildFile section */
		35078B002D005A4D008E9AF7 /* ImplicitAnimation.swift in Sources */ = {isa = PBXBuildFile; fileRef = 35078AFF2D005A4D008E9AF7 /* ImplicitAnimation.swift */; };
		35078B022D005B9F008E9AF7 /* CustomizingAnimation.swift in Sources */ = {isa = PBXBuildFile; fileRef = 35078B012D005B9F008E9AF7 /* CustomizingAnimation.swift */; };
		3515578F2CE4A32D00D30B34 /* AddItemView.swift in Sources */ = {isa = PBXBuildFile; fileRef = 3515578E2CE4A32D00D30B34 /* AddItemView.swift */; };
		351557912CE4B6E300D30B34 /* LootItem.swift in Sources */ = {isa = PBXBuildFile; fileRef = 351557902CE4B6E300D30B34 /* LootItem.swift */; };
		351557932CE4BAAA00D30B34 /* Game.swift in Sources */ = {isa = PBXBuildFile; fileRef = 351557922CE4BAAA00D30B34 /* Game.swift */; };
		35451B352CB570970007A553 /* swiftAppApp.swift in Sources */ = {isa = PBXBuildFile; fileRef = 35451B342CB570970007A553 /* swiftAppApp.swift */; };
		35451B372CB570970007A553 /* ContentView.swift in Sources */ = {isa = PBXBuildFile; fileRef = 35451B362CB570970007A553 /* ContentView.swift */; };
		35451B392CB570B00007A553 /* Assets.xcassets in Resources */ = {isa = PBXBuildFile; fileRef = 35451B382CB570B00007A553 /* Assets.xcassets */; };
		35451B3C2CB570B00007A553 /* Preview Assets.xcassets in Resources */ = {isa = PBXBuildFile; fileRef = 35451B3B2CB570B00007A553 /* Preview Assets.xcassets */; };
		35451B462CB570B10007A553 /* swiftAppTests.swift in Sources */ = {isa = PBXBuildFile; fileRef = 35451B452CB570B10007A553 /* swiftAppTests.swift */; };
		35451B502CB570B10007A553 /* swiftAppUITests.swift in Sources */ = {isa = PBXBuildFile; fileRef = 35451B4F2CB570B10007A553 /* swiftAppUITests.swift */; };
		35451B522CB570B10007A553 /* swiftAppUITestsLaunchTests.swift in Sources */ = {isa = PBXBuildFile; fileRef = 35451B512CB570B10007A553 /* swiftAppUITestsLaunchTests.swift */; };
		C4E6B6552D0041D3003A302E /* LootDetailView.swift in Sources */ = {isa = PBXBuildFile; fileRef = C4E6B6542D0041D3003A302E /* LootDetailView.swift */; };
		C4E6B6562D0068EA003A302E /* ExplicitAnimation.swift in Sources */ = {isa = PBXBuildFile; fileRef = 35078B032D005E4F008E9AF7 /* ExplicitAnimation.swift */; };
/* End PBXBuildFile section */

/* Begin PBXContainerItemProxy section */
		35451B422CB570B10007A553 /* PBXContainerItemProxy */ = {
			isa = PBXContainerItemProxy;
			containerPortal = 35451B292CB570970007A553 /* Project object */;
			proxyType = 1;
			remoteGlobalIDString = 35451B302CB570970007A553;
			remoteInfo = swiftApp;
		};
		35451B4C2CB570B10007A553 /* PBXContainerItemProxy */ = {
			isa = PBXContainerItemProxy;
			containerPortal = 35451B292CB570970007A553 /* Project object */;
			proxyType = 1;
			remoteGlobalIDString = 35451B302CB570970007A553;
			remoteInfo = swiftApp;
		};
/* End PBXContainerItemProxy section */

/* Begin PBXFileReference section */
		35078AFF2D005A4D008E9AF7 /* ImplicitAnimation.swift */ = {isa = PBXFileReference; lastKnownFileType = sourcecode.swift; path = ImplicitAnimation.swift; sourceTree = "<group>"; };
		35078B012D005B9F008E9AF7 /* CustomizingAnimation.swift */ = {isa = PBXFileReference; lastKnownFileType = sourcecode.swift; path = CustomizingAnimation.swift; sourceTree = "<group>"; };
		35078B032D005E4F008E9AF7 /* ExplicitAnimation.swift */ = {isa = PBXFileReference; lastKnownFileType = sourcecode.swift; path = ExplicitAnimation.swift; sourceTree = "<group>"; };
		3515578E2CE4A32D00D30B34 /* AddItemView.swift */ = {isa = PBXFileReference; lastKnownFileType = sourcecode.swift; path = AddItemView.swift; sourceTree = "<group>"; };
		351557902CE4B6E300D30B34 /* LootItem.swift */ = {isa = PBXFileReference; fileEncoding = 4; lastKnownFileType = sourcecode.swift; path = LootItem.swift; sourceTree = "<group>"; };
		351557922CE4BAAA00D30B34 /* Game.swift */ = {isa = PBXFileReference; lastKnownFileType = sourcecode.swift; path = Game.swift; sourceTree = "<group>"; };
		35451B312CB570970007A553 /* swiftApp.app */ = {isa = PBXFileReference; explicitFileType = wrapper.application; includeInIndex = 0; path = swiftApp.app; sourceTree = BUILT_PRODUCTS_DIR; };
		35451B342CB570970007A553 /* swiftAppApp.swift */ = {isa = PBXFileReference; lastKnownFileType = sourcecode.swift; path = swiftAppApp.swift; sourceTree = "<group>"; };
		35451B362CB570970007A553 /* ContentView.swift */ = {isa = PBXFileReference; lastKnownFileType = sourcecode.swift; path = ContentView.swift; sourceTree = "<group>"; };
		35451B382CB570B00007A553 /* Assets.xcassets */ = {isa = PBXFileReference; lastKnownFileType = folder.assetcatalog; path = Assets.xcassets; sourceTree = "<group>"; };
		35451B3B2CB570B00007A553 /* Preview Assets.xcassets */ = {isa = PBXFileReference; lastKnownFileType = folder.assetcatalog; path = "Preview Assets.xcassets"; sourceTree = "<group>"; };
		35451B412CB570B10007A553 /* swiftAppTests.xctest */ = {isa = PBXFileReference; explicitFileType = wrapper.cfbundle; includeInIndex = 0; path = swiftAppTests.xctest; sourceTree = BUILT_PRODUCTS_DIR; };
		35451B452CB570B10007A553 /* swiftAppTests.swift */ = {isa = PBXFileReference; lastKnownFileType = sourcecode.swift; path = swiftAppTests.swift; sourceTree = "<group>"; };
		35451B4B2CB570B10007A553 /* swiftAppUITests.xctest */ = {isa = PBXFileReference; explicitFileType = wrapper.cfbundle; includeInIndex = 0; path = swiftAppUITests.xctest; sourceTree = BUILT_PRODUCTS_DIR; };
		35451B4F2CB570B10007A553 /* swiftAppUITests.swift */ = {isa = PBXFileReference; lastKnownFileType = sourcecode.swift; path = swiftAppUITests.swift; sourceTree = "<group>"; };
		35451B512CB570B10007A553 /* swiftAppUITestsLaunchTests.swift */ = {isa = PBXFileReference; lastKnownFileType = sourcecode.swift; path = swiftAppUITestsLaunchTests.swift; sourceTree = "<group>"; };
		C4E6B6542D0041D3003A302E /* LootDetailView.swift */ = {isa = PBXFileReference; lastKnownFileType = sourcecode.swift; path = LootDetailView.swift; sourceTree = "<group>"; };
/* End PBXFileReference section */

/* Begin PBXFrameworksBuildPhase section */
		35451B2E2CB570970007A553 /* Frameworks */ = {
			isa = PBXFrameworksBuildPhase;
			buildActionMask = 2147483647;
			files = (
			);
			runOnlyForDeploymentPostprocessing = 0;
		};
		35451B3E2CB570B10007A553 /* Frameworks */ = {
			isa = PBXFrameworksBuildPhase;
			buildActionMask = 2147483647;
			files = (
			);
			runOnlyForDeploymentPostprocessing = 0;
		};
		35451B482CB570B10007A553 /* Frameworks */ = {
			isa = PBXFrameworksBuildPhase;
			buildActionMask = 2147483647;
			files = (
			);
			runOnlyForDeploymentPostprocessing = 0;
		};
/* End PBXFrameworksBuildPhase section */

/* Begin PBXGroup section */
		35451B282CB570970007A553 = {
			isa = PBXGroup;
			children = (
				35451B332CB570970007A553 /* swiftApp */,
				35451B442CB570B10007A553 /* swiftAppTests */,
				35451B4E2CB570B10007A553 /* swiftAppUITests */,
				35451B322CB570970007A553 /* Products */,
			);
			sourceTree = "<group>";
		};
		35451B322CB570970007A553 /* Products */ = {
			isa = PBXGroup;
			children = (
				35451B312CB570970007A553 /* swiftApp.app */,
				35451B412CB570B10007A553 /* swiftAppTests.xctest */,
				35451B4B2CB570B10007A553 /* swiftAppUITests.xctest */,
			);
			name = Products;
			sourceTree = "<group>";
		};
		35451B332CB570970007A553 /* swiftApp */ = {
			isa = PBXGroup;
			children = (
				35078AFF2D005A4D008E9AF7 /* ImplicitAnimation.swift */,
				35078B012D005B9F008E9AF7 /* CustomizingAnimation.swift */,
				35078B032D005E4F008E9AF7 /* ExplicitAnimation.swift */,
				351557902CE4B6E300D30B34 /* LootItem.swift */,
				351557922CE4BAAA00D30B34 /* Game.swift */,
				3515578E2CE4A32D00D30B34 /* AddItemView.swift */,
				35451B342CB570970007A553 /* swiftAppApp.swift */,
				C4E6B6542D0041D3003A302E /* LootDetailView.swift */,
				35451B362CB570970007A553 /* ContentView.swift */,
				35451B382CB570B00007A553 /* Assets.xcassets */,
				35451B3A2CB570B00007A553 /* Preview Content */,
			);
			path = swiftApp;
			sourceTree = "<group>";
		};
		35451B3A2CB570B00007A553 /* Preview Content */ = {
			isa = PBXGroup;
			children = (
				35451B3B2CB570B00007A553 /* Preview Assets.xcassets */,
			);
			path = "Preview Content";
			sourceTree = "<group>";
		};
		35451B442CB570B10007A553 /* swiftAppTests */ = {
			isa = PBXGroup;
			children = (
				35451B452CB570B10007A553 /* swiftAppTests.swift */,
			);
			path = swiftAppTests;
			sourceTree = "<group>";
		};
		35451B4E2CB570B10007A553 /* swiftAppUITests */ = {
			isa = PBXGroup;
			children = (
				35451B4F2CB570B10007A553 /* swiftAppUITests.swift */,
				35451B512CB570B10007A553 /* swiftAppUITestsLaunchTests.swift */,
			);
			path = swiftAppUITests;
			sourceTree = "<group>";
		};
/* End PBXGroup section */

/* Begin PBXNativeTarget section */
		35451B302CB570970007A553 /* swiftApp */ = {
			isa = PBXNativeTarget;
			buildConfigurationList = 35451B552CB570B10007A553 /* Build configuration list for PBXNativeTarget "swiftApp" */;
			buildPhases = (
				35451B2D2CB570970007A553 /* Sources */,
				35451B2E2CB570970007A553 /* Frameworks */,
				35451B2F2CB570970007A553 /* Resources */,
			);
			buildRules = (
			);
			dependencies = (
			);
			name = swiftApp;
			productName = swiftApp;
			productReference = 35451B312CB570970007A553 /* swiftApp.app */;
			productType = "com.apple.product-type.application";
		};
		35451B402CB570B10007A553 /* swiftAppTests */ = {
			isa = PBXNativeTarget;
			buildConfigurationList = 35451B582CB570B10007A553 /* Build configuration list for PBXNativeTarget "swiftAppTests" */;
			buildPhases = (
				35451B3D2CB570B10007A553 /* Sources */,
				35451B3E2CB570B10007A553 /* Frameworks */,
				35451B3F2CB570B10007A553 /* Resources */,
			);
			buildRules = (
			);
			dependencies = (
				35451B432CB570B10007A553 /* PBXTargetDependency */,
			);
			name = swiftAppTests;
			productName = swiftAppTests;
			productReference = 35451B412CB570B10007A553 /* swiftAppTests.xctest */;
			productType = "com.apple.product-type.bundle.unit-test";
		};
		35451B4A2CB570B10007A553 /* swiftAppUITests */ = {
			isa = PBXNativeTarget;
			buildConfigurationList = 35451B5B2CB570B10007A553 /* Build configuration list for PBXNativeTarget "swiftAppUITests" */;
			buildPhases = (
				35451B472CB570B10007A553 /* Sources */,
				35451B482CB570B10007A553 /* Frameworks */,
				35451B492CB570B10007A553 /* Resources */,
			);
			buildRules = (
			);
			dependencies = (
				35451B4D2CB570B10007A553 /* PBXTargetDependency */,
			);
			name = swiftAppUITests;
			productName = swiftAppUITests;
			productReference = 35451B4B2CB570B10007A553 /* swiftAppUITests.xctest */;
			productType = "com.apple.product-type.bundle.ui-testing";
		};
/* End PBXNativeTarget section */

/* Begin PBXProject section */
		35451B292CB570970007A553 /* Project object */ = {
			isa = PBXProject;
			attributes = {
				BuildIndependentTargetsInParallel = 1;
				LastSwiftUpdateCheck = 1520;
				LastUpgradeCheck = 1520;
				TargetAttributes = {
					35451B302CB570970007A553 = {
						CreatedOnToolsVersion = 15.2;
					};
					35451B402CB570B10007A553 = {
						CreatedOnToolsVersion = 15.2;
						TestTargetID = 35451B302CB570970007A553;
					};
					35451B4A2CB570B10007A553 = {
						CreatedOnToolsVersion = 15.2;
						TestTargetID = 35451B302CB570970007A553;
					};
				};
			};
			buildConfigurationList = 35451B2C2CB570970007A553 /* Build configuration list for PBXProject "swiftApp" */;
			compatibilityVersion = "Xcode 14.0";
			developmentRegion = en;
			hasScannedForEncodings = 0;
			knownRegions = (
				en,
				Base,
			);
			mainGroup = 35451B282CB570970007A553;
			productRefGroup = 35451B322CB570970007A553 /* Products */;
			projectDirPath = "";
			projectRoot = "";
			targets = (
				35451B302CB570970007A553 /* swiftApp */,
				35451B402CB570B10007A553 /* swiftAppTests */,
				35451B4A2CB570B10007A553 /* swiftAppUITests */,
			);
		};
/* End PBXProject section */

/* Begin PBXResourcesBuildPhase section */
		35451B2F2CB570970007A553 /* Resources */ = {
			isa = PBXResourcesBuildPhase;
			buildActionMask = 2147483647;
			files = (
				35451B3C2CB570B00007A553 /* Preview Assets.xcassets in Resources */,
				35451B392CB570B00007A553 /* Assets.xcassets in Resources */,
			);
			runOnlyForDeploymentPostprocessing = 0;
		};
		35451B3F2CB570B10007A553 /* Resources */ = {
			isa = PBXResourcesBuildPhase;
			buildActionMask = 2147483647;
			files = (
			);
			runOnlyForDeploymentPostprocessing = 0;
		};
		35451B492CB570B10007A553 /* Resources */ = {
			isa = PBXResourcesBuildPhase;
			buildActionMask = 2147483647;
			files = (
			);
			runOnlyForDeploymentPostprocessing = 0;
		};
/* End PBXResourcesBuildPhase section */

/* Begin PBXSourcesBuildPhase section */
		35451B2D2CB570970007A553 /* Sources */ = {
			isa = PBXSourcesBuildPhase;
			buildActionMask = 2147483647;
			files = (
				35451B372CB570970007A553 /* ContentView.swift in Sources */,
				35078B022D005B9F008E9AF7 /* CustomizingAnimation.swift in Sources */,
				351557932CE4BAAA00D30B34 /* Game.swift in Sources */,
				35078B002D005A4D008E9AF7 /* ImplicitAnimation.swift in Sources */,
				3515578F2CE4A32D00D30B34 /* AddItemView.swift in Sources */,
				C4E6B6562D0068EA003A302E /* ExplicitAnimation.swift in Sources */,
				C4E6B6552D0041D3003A302E /* LootDetailView.swift in Sources */,
				351557912CE4B6E300D30B34 /* LootItem.swift in Sources */,
				35451B352CB570970007A553 /* swiftAppApp.swift in Sources */,
			);
			runOnlyForDeploymentPostprocessing = 0;
		};
		35451B3D2CB570B10007A553 /* Sources */ = {
			isa = PBXSourcesBuildPhase;
			buildActionMask = 2147483647;
			files = (
				35451B462CB570B10007A553 /* swiftAppTests.swift in Sources */,
			);
			runOnlyForDeploymentPostprocessing = 0;
		};
		35451B472CB570B10007A553 /* Sources */ = {
			isa = PBXSourcesBuildPhase;
			buildActionMask = 2147483647;
			files = (
				35451B522CB570B10007A553 /* swiftAppUITestsLaunchTests.swift in Sources */,
				35451B502CB570B10007A553 /* swiftAppUITests.swift in Sources */,
			);
			runOnlyForDeploymentPostprocessing = 0;
		};
/* End PBXSourcesBuildPhase section */

/* Begin PBXTargetDependency section */
		35451B432CB570B10007A553 /* PBXTargetDependency */ = {
			isa = PBXTargetDependency;
			target = 35451B302CB570970007A553 /* swiftApp */;
			targetProxy = 35451B422CB570B10007A553 /* PBXContainerItemProxy */;
		};
		35451B4D2CB570B10007A553 /* PBXTargetDependency */ = {
			isa = PBXTargetDependency;
			target = 35451B302CB570970007A553 /* swiftApp */;
			targetProxy = 35451B4C2CB570B10007A553 /* PBXContainerItemProxy */;
		};
/* End PBXTargetDependency section */

/* Begin XCBuildConfiguration section */
		35451B532CB570B10007A553 /* Debug */ = {
			isa = XCBuildConfiguration;
			buildSettings = {
				ALWAYS_SEARCH_USER_PATHS = NO;
				ASSETCATALOG_COMPILER_GENERATE_SWIFT_ASSET_SYMBOL_EXTENSIONS = YES;
				CLANG_ANALYZER_NONNULL = YES;
				CLANG_ANALYZER_NUMBER_OBJECT_CONVERSION = YES_AGGRESSIVE;
				CLANG_CXX_LANGUAGE_STANDARD = "gnu++20";
				CLANG_ENABLE_MODULES = YES;
				CLANG_ENABLE_OBJC_ARC = YES;
				CLANG_ENABLE_OBJC_WEAK = YES;
				CLANG_WARN_BLOCK_CAPTURE_AUTORELEASING = YES;
				CLANG_WARN_BOOL_CONVERSION = YES;
				CLANG_WARN_COMMA = YES;
				CLANG_WARN_CONSTANT_CONVERSION = YES;
				CLANG_WARN_DEPRECATED_OBJC_IMPLEMENTATIONS = YES;
				CLANG_WARN_DIRECT_OBJC_ISA_USAGE = YES_ERROR;
				CLANG_WARN_DOCUMENTATION_COMMENTS = YES;
				CLANG_WARN_EMPTY_BODY = YES;
				CLANG_WARN_ENUM_CONVERSION = YES;
				CLANG_WARN_INFINITE_RECURSION = YES;
				CLANG_WARN_INT_CONVERSION = YES;
				CLANG_WARN_NON_LITERAL_NULL_CONVERSION = YES;
				CLANG_WARN_OBJC_IMPLICIT_RETAIN_SELF = YES;
				CLANG_WARN_OBJC_LITERAL_CONVERSION = YES;
				CLANG_WARN_OBJC_ROOT_CLASS = YES_ERROR;
				CLANG_WARN_QUOTED_INCLUDE_IN_FRAMEWORK_HEADER = YES;
				CLANG_WARN_RANGE_LOOP_ANALYSIS = YES;
				CLANG_WARN_STRICT_PROTOTYPES = YES;
				CLANG_WARN_SUSPICIOUS_MOVE = YES;
				CLANG_WARN_UNGUARDED_AVAILABILITY = YES_AGGRESSIVE;
				CLANG_WARN_UNREACHABLE_CODE = YES;
				CLANG_WARN__DUPLICATE_METHOD_MATCH = YES;
				COPY_PHASE_STRIP = NO;
				DEBUG_INFORMATION_FORMAT = dwarf;
				ENABLE_STRICT_OBJC_MSGSEND = YES;
				ENABLE_TESTABILITY = YES;
				ENABLE_USER_SCRIPT_SANDBOXING = YES;
				GCC_C_LANGUAGE_STANDARD = gnu17;
				GCC_DYNAMIC_NO_PIC = NO;
				GCC_NO_COMMON_BLOCKS = YES;
				GCC_OPTIMIZATION_LEVEL = 0;
				GCC_PREPROCESSOR_DEFINITIONS = (
					"DEBUG=1",
					"$(inherited)",
				);
				GCC_WARN_64_TO_32_BIT_CONVERSION = YES;
				GCC_WARN_ABOUT_RETURN_TYPE = YES_ERROR;
				GCC_WARN_UNDECLARED_SELECTOR = YES;
				GCC_WARN_UNINITIALIZED_AUTOS = YES_AGGRESSIVE;
				GCC_WARN_UNUSED_FUNCTION = YES;
				GCC_WARN_UNUSED_VARIABLE = YES;
				IPHONEOS_DEPLOYMENT_TARGET = 17.2;
				LOCALIZATION_PREFERS_STRING_CATALOGS = YES;
				MTL_ENABLE_DEBUG_INFO = INCLUDE_SOURCE;
				MTL_FAST_MATH = YES;
				ONLY_ACTIVE_ARCH = YES;
				SDKROOT = iphoneos;
				SWIFT_ACTIVE_COMPILATION_CONDITIONS = "DEBUG $(inherited)";
				SWIFT_OPTIMIZATION_LEVEL = "-Onone";
			};
			name = Debug;
		};
		35451B542CB570B10007A553 /* Release */ = {
			isa = XCBuildConfiguration;
			buildSettings = {
				ALWAYS_SEARCH_USER_PATHS = NO;
				ASSETCATALOG_COMPILER_GENERATE_SWIFT_ASSET_SYMBOL_EXTENSIONS = YES;
				CLANG_ANALYZER_NONNULL = YES;
				CLANG_ANALYZER_NUMBER_OBJECT_CONVERSION = YES_AGGRESSIVE;
				CLANG_CXX_LANGUAGE_STANDARD = "gnu++20";
				CLANG_ENABLE_MODULES = YES;
				CLANG_ENABLE_OBJC_ARC = YES;
				CLANG_ENABLE_OBJC_WEAK = YES;
				CLANG_WARN_BLOCK_CAPTURE_AUTORELEASING = YES;
				CLANG_WARN_BOOL_CONVERSION = YES;
				CLANG_WARN_COMMA = YES;
				CLANG_WARN_CONSTANT_CONVERSION = YES;
				CLANG_WARN_DEPRECATED_OBJC_IMPLEMENTATIONS = YES;
				CLANG_WARN_DIRECT_OBJC_ISA_USAGE = YES_ERROR;
				CLANG_WARN_DOCUMENTATION_COMMENTS = YES;
				CLANG_WARN_EMPTY_BODY = YES;
				CLANG_WARN_ENUM_CONVERSION = YES;
				CLANG_WARN_INFINITE_RECURSION = YES;
				CLANG_WARN_INT_CONVERSION = YES;
				CLANG_WARN_NON_LITERAL_NULL_CONVERSION = YES;
				CLANG_WARN_OBJC_IMPLICIT_RETAIN_SELF = YES;
				CLANG_WARN_OBJC_LITERAL_CONVERSION = YES;
				CLANG_WARN_OBJC_ROOT_CLASS = YES_ERROR;
				CLANG_WARN_QUOTED_INCLUDE_IN_FRAMEWORK_HEADER = YES;
				CLANG_WARN_RANGE_LOOP_ANALYSIS = YES;
				CLANG_WARN_STRICT_PROTOTYPES = YES;
				CLANG_WARN_SUSPICIOUS_MOVE = YES;
				CLANG_WARN_UNGUARDED_AVAILABILITY = YES_AGGRESSIVE;
				CLANG_WARN_UNREACHABLE_CODE = YES;
				CLANG_WARN__DUPLICATE_METHOD_MATCH = YES;
				COPY_PHASE_STRIP = NO;
				DEBUG_INFORMATION_FORMAT = "dwarf-with-dsym";
				ENABLE_NS_ASSERTIONS = NO;
				ENABLE_STRICT_OBJC_MSGSEND = YES;
				ENABLE_USER_SCRIPT_SANDBOXING = YES;
				GCC_C_LANGUAGE_STANDARD = gnu17;
				GCC_NO_COMMON_BLOCKS = YES;
				GCC_WARN_64_TO_32_BIT_CONVERSION = YES;
				GCC_WARN_ABOUT_RETURN_TYPE = YES_ERROR;
				GCC_WARN_UNDECLARED_SELECTOR = YES;
				GCC_WARN_UNINITIALIZED_AUTOS = YES_AGGRESSIVE;
				GCC_WARN_UNUSED_FUNCTION = YES;
				GCC_WARN_UNUSED_VARIABLE = YES;
				IPHONEOS_DEPLOYMENT_TARGET = 17.2;
				LOCALIZATION_PREFERS_STRING_CATALOGS = YES;
				MTL_ENABLE_DEBUG_INFO = NO;
				MTL_FAST_MATH = YES;
				SDKROOT = iphoneos;
				SWIFT_COMPILATION_MODE = wholemodule;
				VALIDATE_PRODUCT = YES;
			};
			name = Release;
		};
		35451B562CB570B10007A553 /* Debug */ = {
			isa = XCBuildConfiguration;
			buildSettings = {
				ASSETCATALOG_COMPILER_APPICON_NAME = AppIcon;
				ASSETCATALOG_COMPILER_GLOBAL_ACCENT_COLOR_NAME = AccentColor;
				CODE_SIGN_STYLE = Automatic;
				CURRENT_PROJECT_VERSION = 1;
				DEVELOPMENT_ASSET_PATHS = "\"swiftApp/Preview Content\"";
				ENABLE_PREVIEWS = YES;
				GENERATE_INFOPLIST_FILE = YES;
				INFOPLIST_KEY_UIApplicationSceneManifest_Generation = YES;
				INFOPLIST_KEY_UIApplicationSupportsIndirectInputEvents = YES;
				INFOPLIST_KEY_UILaunchScreen_Generation = YES;
				INFOPLIST_KEY_UISupportedInterfaceOrientations_iPad = "UIInterfaceOrientationPortrait UIInterfaceOrientationPortraitUpsideDown UIInterfaceOrientationLandscapeLeft UIInterfaceOrientationLandscapeRight";
				INFOPLIST_KEY_UISupportedInterfaceOrientations_iPhone = "UIInterfaceOrientationPortrait UIInterfaceOrientationLandscapeLeft UIInterfaceOrientationLandscapeRight";
				LD_RUNPATH_SEARCH_PATHS = (
					"$(inherited)",
					"@executable_path/Frameworks",
				);
				MARKETING_VERSION = 1.0;
				PRODUCT_BUNDLE_IDENTIFIER = MAZEL.swiftApp;
				PRODUCT_NAME = "$(TARGET_NAME)";
				SWIFT_EMIT_LOC_STRINGS = YES;
				SWIFT_VERSION = 5.0;
				TARGETED_DEVICE_FAMILY = "1,2";
			};
			name = Debug;
		};
		35451B572CB570B10007A553 /* Release */ = {
			isa = XCBuildConfiguration;
			buildSettings = {
				ASSETCATALOG_COMPILER_APPICON_NAME = AppIcon;
				ASSETCATALOG_COMPILER_GLOBAL_ACCENT_COLOR_NAME = AccentColor;
				CODE_SIGN_STYLE = Automatic;
				CURRENT_PROJECT_VERSION = 1;
				DEVELOPMENT_ASSET_PATHS = "\"swiftApp/Preview Content\"";
				ENABLE_PREVIEWS = YES;
				GENERATE_INFOPLIST_FILE = YES;
				INFOPLIST_KEY_UIApplicationSceneManifest_Generation = YES;
				INFOPLIST_KEY_UIApplicationSupportsIndirectInputEvents = YES;
				INFOPLIST_KEY_UILaunchScreen_Generation = YES;
				INFOPLIST_KEY_UISupportedInterfaceOrientations_iPad = "UIInterfaceOrientationPortrait UIInterfaceOrientationPortraitUpsideDown UIInterfaceOrientationLandscapeLeft UIInterfaceOrientationLandscapeRight";
				INFOPLIST_KEY_UISupportedInterfaceOrientations_iPhone = "UIInterfaceOrientationPortrait UIInterfaceOrientationLandscapeLeft UIInterfaceOrientationLandscapeRight";
				LD_RUNPATH_SEARCH_PATHS = (
					"$(inherited)",
					"@executable_path/Frameworks",
				);
				MARKETING_VERSION = 1.0;
				PRODUCT_BUNDLE_IDENTIFIER = MAZEL.swiftApp;
				PRODUCT_NAME = "$(TARGET_NAME)";
				SWIFT_EMIT_LOC_STRINGS = YES;
				SWIFT_VERSION = 5.0;
				TARGETED_DEVICE_FAMILY = "1,2";
			};
			name = Release;
		};
		35451B592CB570B10007A553 /* Debug */ = {
			isa = XCBuildConfiguration;
			buildSettings = {
				ALWAYS_EMBED_SWIFT_STANDARD_LIBRARIES = YES;
				BUNDLE_LOADER = "$(TEST_HOST)";
				CODE_SIGN_STYLE = Automatic;
				CURRENT_PROJECT_VERSION = 1;
				GENERATE_INFOPLIST_FILE = YES;
				IPHONEOS_DEPLOYMENT_TARGET = 17.2;
				MARKETING_VERSION = 1.0;
				PRODUCT_BUNDLE_IDENTIFIER = MAZEL.swiftAppTests;
				PRODUCT_NAME = "$(TARGET_NAME)";
				SWIFT_EMIT_LOC_STRINGS = NO;
				SWIFT_VERSION = 5.0;
				TARGETED_DEVICE_FAMILY = "1,2";
				TEST_HOST = "$(BUILT_PRODUCTS_DIR)/swiftApp.app/$(BUNDLE_EXECUTABLE_FOLDER_PATH)/swiftApp";
			};
			name = Debug;
		};
		35451B5A2CB570B10007A553 /* Release */ = {
			isa = XCBuildConfiguration;
			buildSettings = {
				ALWAYS_EMBED_SWIFT_STANDARD_LIBRARIES = YES;
				BUNDLE_LOADER = "$(TEST_HOST)";
				CODE_SIGN_STYLE = Automatic;
				CURRENT_PROJECT_VERSION = 1;
				GENERATE_INFOPLIST_FILE = YES;
				IPHONEOS_DEPLOYMENT_TARGET = 17.2;
				MARKETING_VERSION = 1.0;
				PRODUCT_BUNDLE_IDENTIFIER = MAZEL.swiftAppTests;
				PRODUCT_NAME = "$(TARGET_NAME)";
				SWIFT_EMIT_LOC_STRINGS = NO;
				SWIFT_VERSION = 5.0;
				TARGETED_DEVICE_FAMILY = "1,2";
				TEST_HOST = "$(BUILT_PRODUCTS_DIR)/swiftApp.app/$(BUNDLE_EXECUTABLE_FOLDER_PATH)/swiftApp";
			};
			name = Release;
		};
		35451B5C2CB570B10007A553 /* Debug */ = {
			isa = XCBuildConfiguration;
			buildSettings = {
				ALWAYS_EMBED_SWIFT_STANDARD_LIBRARIES = YES;
				CODE_SIGN_STYLE = Automatic;
				CURRENT_PROJECT_VERSION = 1;
				GENERATE_INFOPLIST_FILE = YES;
				MARKETING_VERSION = 1.0;
				PRODUCT_BUNDLE_IDENTIFIER = MAZEL.swiftAppUITests;
				PRODUCT_NAME = "$(TARGET_NAME)";
				SWIFT_EMIT_LOC_STRINGS = NO;
				SWIFT_VERSION = 5.0;
				TARGETED_DEVICE_FAMILY = "1,2";
				TEST_TARGET_NAME = swiftApp;
			};
			name = Debug;
		};
		35451B5D2CB570B10007A553 /* Release */ = {
			isa = XCBuildConfiguration;
			buildSettings = {
				ALWAYS_EMBED_SWIFT_STANDARD_LIBRARIES = YES;
				CODE_SIGN_STYLE = Automatic;
				CURRENT_PROJECT_VERSION = 1;
				GENERATE_INFOPLIST_FILE = YES;
				MARKETING_VERSION = 1.0;
				PRODUCT_BUNDLE_IDENTIFIER = MAZEL.swiftAppUITests;
				PRODUCT_NAME = "$(TARGET_NAME)";
				SWIFT_EMIT_LOC_STRINGS = NO;
				SWIFT_VERSION = 5.0;
				TARGETED_DEVICE_FAMILY = "1,2";
				TEST_TARGET_NAME = swiftApp;
			};
			name = Release;
		};
/* End XCBuildConfiguration section */

/* Begin XCConfigurationList section */
		35451B2C2CB570970007A553 /* Build configuration list for PBXProject "swiftApp" */ = {
			isa = XCConfigurationList;
			buildConfigurations = (
				35451B532CB570B10007A553 /* Debug */,
				35451B542CB570B10007A553 /* Release */,
			);
			defaultConfigurationIsVisible = 0;
			defaultConfigurationName = Release;
		};
		35451B552CB570B10007A553 /* Build configuration list for PBXNativeTarget "swiftApp" */ = {
			isa = XCConfigurationList;
			buildConfigurations = (
				35451B562CB570B10007A553 /* Debug */,
				35451B572CB570B10007A553 /* Release */,
			);
			defaultConfigurationIsVisible = 0;
			defaultConfigurationName = Release;
		};
		35451B582CB570B10007A553 /* Build configuration list for PBXNativeTarget "swiftAppTests" */ = {
			isa = XCConfigurationList;
			buildConfigurations = (
				35451B592CB570B10007A553 /* Debug */,
				35451B5A2CB570B10007A553 /* Release */,
			);
			defaultConfigurationIsVisible = 0;
			defaultConfigurationName = Release;
		};
		35451B5B2CB570B10007A553 /* Build configuration list for PBXNativeTarget "swiftAppUITests" */ = {
			isa = XCConfigurationList;
			buildConfigurations = (
				35451B5C2CB570B10007A553 /* Debug */,
				35451B5D2CB570B10007A553 /* Release */,
			);
			defaultConfigurationIsVisible = 0;
			defaultConfigurationName = Release;
		};
/* End XCConfigurationList section */
	};
	rootObject = 35451B292CB570970007A553 /* Project object */;
}
